
Microsoft Visual Studio Solution File, Format Version 12.00
# Visual Studio Version 17
VisualStudioVersion = 17.8.34330.188
MinimumVisualStudioVersion = 10.0.40219.1
Project("{8BC9CEB8-8B4A-11D0-8D11-00A0C91BC942}") = "TestAssembly", "TestAssembly\TestAssembly.vcxproj", "{124FEBEE-D71A-4C43-A955-EFEE9FC64A6D}"
EndProject
Project("{8BC9CEB8-8B4A-11D0-8D11-00A0C91BC942}") = "ReadingConsole", "ReadingConsole\ReadingConsole.vcxproj", "{3B750DE8-A727-4CB6-B92D-32D9371AF794}"
EndProject
Global
	GlobalSection(SolutionConfigurationPlatforms) = preSolution
		Debug|x64 = Debug|x64
		Debug|x86 = Debug|x86
		Release|x64 = Release|x64
		Release|x86 = Release|x86
	EndGlobalSection
	GlobalSection(ProjectConfigurationPlatforms) = postSolution
		{124FEBEE-D71A-4C43-A955-EFEE9FC64A6D}.Debug|x64.ActiveCfg = Debug|x64
		{124FEBEE-D71A-4C43-A955-EFEE9FC64A6D}.Debug|x64.Build.0 = Debug|x64
		{124FEBEE-D71A-4C43-A955-EFEE9FC64A6D}.Debug|x86.ActiveCfg = Debug|Win32
		{124FEBEE-D71A-4C43-A955-EFEE9FC64A6D}.Debug|x86.Build.0 = Debug|Win32
		{124FEBEE-D71A-4C43-A955-EFEE9FC64A6D}.Release|x64.ActiveCfg = Release|x64
		{124FEBEE-D71A-4C43-A955-EFEE9FC64A6D}.Release|x64.Build.0 = Release|x64
		{124FEBEE-D71A-4C43-A955-EFEE9FC64A6D}.Release|x86.ActiveCfg = Release|Win32
		{124FEBEE-D71A-4C43-A955-EFEE9FC64A6D}.Release|x86.Build.0 = Release|Win32
		{3B750DE8-A727-4CB6-B92D-32D9371AF794}.Debug|x64.ActiveCfg = Debug|x64
		{3B750DE8-A727-4CB6-B92D-32D9371AF794}.Debug|x64.Build.0 = Debug|x64
		{3B750DE8-A727-4CB6-B92D-32D9371AF794}.Debug|x86.ActiveCfg = Debug|Win32
		{3B750DE8-A727-4CB6-B92D-32D9371AF794}.Debug|x86.Build.0 = Debug|Win32
		{3B750DE8-A727-4CB6-B92D-32D9371AF794}.Release|x64.ActiveCfg = Release|x64
		{3B750DE8-A727-4CB6-B92D-32D9371AF794}.Release|x64.Build.0 = Release|x64
		{3B750DE8-A727-4CB6-B92D-32D9371AF794}.Release|x86.ActiveCfg = Release|Win32
		{3B750DE8-A727-4CB6-B92D-32D9371AF794}.Release|x86.Build.0 = Release|Win32
	EndGlobalSection
	GlobalSection(SolutionProperties) = preSolution
		HideSolutionNode = FALSE
	EndGlobalSection
	GlobalSection(ExtensibilityGlobals) = postSolution
		SolutionGuid = {DBE90B3B-1593-4465-87A9-14AADE9AA782}
	EndGlobalSection
EndGlobal
